
Microsoft Visual Studio Solution File, Format Version 12.00
# Visual Studio 15
VisualStudioVersion = 15.0.27428.2015
MinimumVisualStudioVersion = 10.0.40219.1
Project("{FAE04EC0-301F-11D3-BF4B-00C04F79EFBC}") = "FilRouge.Model", "FilRouge.Model\FilRouge.Model.csproj", "{59946157-45D1-433F-B580-D6DB6B0160FB}"
EndProject
Project("{FAE04EC0-301F-11D3-BF4B-00C04F79EFBC}") = "FilRouge.Service", "FilRouge.Service\FilRouge.Service.csproj", "{6BC8BD20-2799-4150-9DDD-E148BD875BDE}"
EndProject
Project("{FAE04EC0-301F-11D3-BF4B-00C04F79EFBC}") = "FilRouge.Web", "FilRouge.Web\FilRouge.Web.csproj", "{5A6B75B3-D268-4E27-87C5-15CF2C8BE958}"
EndProject
Project("{FAE04EC0-301F-11D3-BF4B-00C04F79EFBC}") = "FilRouge.API", "FilRouge.API\FilRouge.API.csproj", "{5CE60B38-B1AD-4973-A7EC-32D087BF8F23}"
EndProject
Project("{FAE04EC0-301F-11D3-BF4B-00C04F79EFBC}") = "FilRouge.Tests", "FilRouge.Tests\FilRouge.Tests.csproj", "{465E3BD9-592D-424B-A063-39113F5A407F}"
EndProject
Project("{FAE04EC0-301F-11D3-BF4B-00C04F79EFBC}") = "FilRouge.UnitTests", "FilRouge.UnitTests\FilRouge.UnitTests.csproj", "{B71CB584-38A8-4E21-89F4-A055187590C1}"
EndProject
Project("{9A19103F-16F7-4668-BE54-9A1E7A4F7556}") = "FilRouge.HttpHandler", "FilRouge.HttpHandler\FilRouge.HttpHandler.csproj", "{A4039032-2FBA-4D80-AA27-588E31988A23}"
EndProject
Project("{FAE04EC0-301F-11D3-BF4B-00C04F79EFBC}") = "FilRouge.Phone.Android", "FilRouge.Phone\FilRouge.Phone.Android\FilRouge.Phone.Android.csproj", "{389C0AA1-E138-46B2-97F2-5A768F8FC3C4}"
EndProject
Project("{FAE04EC0-301F-11D3-BF4B-00C04F79EFBC}") = "FilRouge.Phone.iOS", "FilRouge.Phone\FilRouge.Phone.iOS\FilRouge.Phone.iOS.csproj", "{697C4C08-052D-4AC2-BA50-4FE60BDCBBD2}"
EndProject
Project("{9A19103F-16F7-4668-BE54-9A1E7A4F7556}") = "FilRouge.Phone", "FilRouge.Phone\FilRouge.Phone\FilRouge.Phone.csproj", "{27030B2A-90CF-4D2B-BF98-35C3AE51F8B0}"
EndProject
Global
	GlobalSection(SolutionConfigurationPlatforms) = preSolution
		Ad-Hoc|Any CPU = Ad-Hoc|Any CPU
		Ad-Hoc|ARM = Ad-Hoc|ARM
		Ad-Hoc|iPhone = Ad-Hoc|iPhone
		Ad-Hoc|iPhoneSimulator = Ad-Hoc|iPhoneSimulator
		Ad-Hoc|x64 = Ad-Hoc|x64
		Ad-Hoc|x86 = Ad-Hoc|x86
		AppStore|Any CPU = AppStore|Any CPU
		AppStore|ARM = AppStore|ARM
		AppStore|iPhone = AppStore|iPhone
		AppStore|iPhoneSimulator = AppStore|iPhoneSimulator
		AppStore|x64 = AppStore|x64
		AppStore|x86 = AppStore|x86
		Debug|Any CPU = Debug|Any CPU
		Debug|ARM = Debug|ARM
		Debug|iPhone = Debug|iPhone
		Debug|iPhoneSimulator = Debug|iPhoneSimulator
		Debug|x64 = Debug|x64
		Debug|x86 = Debug|x86
		Release|Any CPU = Release|Any CPU
		Release|ARM = Release|ARM
		Release|iPhone = Release|iPhone
		Release|iPhoneSimulator = Release|iPhoneSimulator
		Release|x64 = Release|x64
		Release|x86 = Release|x86
	EndGlobalSection
	GlobalSection(ProjectConfigurationPlatforms) = postSolution
		{59946157-45D1-433F-B580-D6DB6B0160FB}.Ad-Hoc|Any CPU.ActiveCfg = Release|Any CPU
		{59946157-45D1-433F-B580-D6DB6B0160FB}.Ad-Hoc|Any CPU.Build.0 = Release|Any CPU
		{59946157-45D1-433F-B580-D6DB6B0160FB}.Ad-Hoc|ARM.ActiveCfg = Release|Any CPU
		{59946157-45D1-433F-B580-D6DB6B0160FB}.Ad-Hoc|ARM.Build.0 = Release|Any CPU
		{59946157-45D1-433F-B580-D6DB6B0160FB}.Ad-Hoc|iPhone.ActiveCfg = Release|Any CPU
		{59946157-45D1-433F-B580-D6DB6B0160FB}.Ad-Hoc|iPhone.Build.0 = Release|Any CPU
		{59946157-45D1-433F-B580-D6DB6B0160FB}.Ad-Hoc|iPhoneSimulator.ActiveCfg = Release|Any CPU
		{59946157-45D1-433F-B580-D6DB6B0160FB}.Ad-Hoc|iPhoneSimulator.Build.0 = Release|Any CPU
		{59946157-45D1-433F-B580-D6DB6B0160FB}.Ad-Hoc|x64.ActiveCfg = Release|Any CPU
		{59946157-45D1-433F-B580-D6DB6B0160FB}.Ad-Hoc|x64.Build.0 = Release|Any CPU
		{59946157-45D1-433F-B580-D6DB6B0160FB}.Ad-Hoc|x86.ActiveCfg = Release|Any CPU
		{59946157-45D1-433F-B580-D6DB6B0160FB}.Ad-Hoc|x86.Build.0 = Release|Any CPU
		{59946157-45D1-433F-B580-D6DB6B0160FB}.AppStore|Any CPU.ActiveCfg = Release|Any CPU
		{59946157-45D1-433F-B580-D6DB6B0160FB}.AppStore|Any CPU.Build.0 = Release|Any CPU
		{59946157-45D1-433F-B580-D6DB6B0160FB}.AppStore|ARM.ActiveCfg = Release|Any CPU
		{59946157-45D1-433F-B580-D6DB6B0160FB}.AppStore|ARM.Build.0 = Release|Any CPU
		{59946157-45D1-433F-B580-D6DB6B0160FB}.AppStore|iPhone.ActiveCfg = Release|Any CPU
		{59946157-45D1-433F-B580-D6DB6B0160FB}.AppStore|iPhone.Build.0 = Release|Any CPU
		{59946157-45D1-433F-B580-D6DB6B0160FB}.AppStore|iPhoneSimulator.ActiveCfg = Release|Any CPU
		{59946157-45D1-433F-B580-D6DB6B0160FB}.AppStore|iPhoneSimulator.Build.0 = Release|Any CPU
		{59946157-45D1-433F-B580-D6DB6B0160FB}.AppStore|x64.ActiveCfg = Release|Any CPU
		{59946157-45D1-433F-B580-D6DB6B0160FB}.AppStore|x64.Build.0 = Release|Any CPU
		{59946157-45D1-433F-B580-D6DB6B0160FB}.AppStore|x86.ActiveCfg = Release|Any CPU
		{59946157-45D1-433F-B580-D6DB6B0160FB}.AppStore|x86.Build.0 = Release|Any CPU
		{59946157-45D1-433F-B580-D6DB6B0160FB}.Debug|Any CPU.ActiveCfg = Debug|Any CPU
		{59946157-45D1-433F-B580-D6DB6B0160FB}.Debug|Any CPU.Build.0 = Debug|Any CPU
		{59946157-45D1-433F-B580-D6DB6B0160FB}.Debug|ARM.ActiveCfg = Debug|Any CPU
		{59946157-45D1-433F-B580-D6DB6B0160FB}.Debug|ARM.Build.0 = Debug|Any CPU
		{59946157-45D1-433F-B580-D6DB6B0160FB}.Debug|iPhone.ActiveCfg = Debug|Any CPU
		{59946157-45D1-433F-B580-D6DB6B0160FB}.Debug|iPhone.Build.0 = Debug|Any CPU
		{59946157-45D1-433F-B580-D6DB6B0160FB}.Debug|iPhoneSimulator.ActiveCfg = Debug|Any CPU
		{59946157-45D1-433F-B580-D6DB6B0160FB}.Debug|iPhoneSimulator.Build.0 = Debug|Any CPU
		{59946157-45D1-433F-B580-D6DB6B0160FB}.Debug|x64.ActiveCfg = Debug|Any CPU
		{59946157-45D1-433F-B580-D6DB6B0160FB}.Debug|x64.Build.0 = Debug|Any CPU
		{59946157-45D1-433F-B580-D6DB6B0160FB}.Debug|x86.ActiveCfg = Debug|Any CPU
		{59946157-45D1-433F-B580-D6DB6B0160FB}.Debug|x86.Build.0 = Debug|Any CPU
		{59946157-45D1-433F-B580-D6DB6B0160FB}.Release|Any CPU.ActiveCfg = Release|Any CPU
		{59946157-45D1-433F-B580-D6DB6B0160FB}.Release|Any CPU.Build.0 = Release|Any CPU
		{59946157-45D1-433F-B580-D6DB6B0160FB}.Release|ARM.ActiveCfg = Release|Any CPU
		{59946157-45D1-433F-B580-D6DB6B0160FB}.Release|ARM.Build.0 = Release|Any CPU
		{59946157-45D1-433F-B580-D6DB6B0160FB}.Release|iPhone.ActiveCfg = Release|Any CPU
		{59946157-45D1-433F-B580-D6DB6B0160FB}.Release|iPhone.Build.0 = Release|Any CPU
		{59946157-45D1-433F-B580-D6DB6B0160FB}.Release|iPhoneSimulator.ActiveCfg = Release|Any CPU
		{59946157-45D1-433F-B580-D6DB6B0160FB}.Release|iPhoneSimulator.Build.0 = Release|Any CPU
		{59946157-45D1-433F-B580-D6DB6B0160FB}.Release|x64.ActiveCfg = Release|Any CPU
		{59946157-45D1-433F-B580-D6DB6B0160FB}.Release|x64.Build.0 = Release|Any CPU
		{59946157-45D1-433F-B580-D6DB6B0160FB}.Release|x86.ActiveCfg = Release|Any CPU
		{59946157-45D1-433F-B580-D6DB6B0160FB}.Release|x86.Build.0 = Release|Any CPU
		{6BC8BD20-2799-4150-9DDD-E148BD875BDE}.Ad-Hoc|Any CPU.ActiveCfg = Release|Any CPU
		{6BC8BD20-2799-4150-9DDD-E148BD875BDE}.Ad-Hoc|Any CPU.Build.0 = Release|Any CPU
		{6BC8BD20-2799-4150-9DDD-E148BD875BDE}.Ad-Hoc|ARM.ActiveCfg = Release|Any CPU
		{6BC8BD20-2799-4150-9DDD-E148BD875BDE}.Ad-Hoc|ARM.Build.0 = Release|Any CPU
		{6BC8BD20-2799-4150-9DDD-E148BD875BDE}.Ad-Hoc|iPhone.ActiveCfg = Release|Any CPU
		{6BC8BD20-2799-4150-9DDD-E148BD875BDE}.Ad-Hoc|iPhone.Build.0 = Release|Any CPU
		{6BC8BD20-2799-4150-9DDD-E148BD875BDE}.Ad-Hoc|iPhoneSimulator.ActiveCfg = Release|Any CPU
		{6BC8BD20-2799-4150-9DDD-E148BD875BDE}.Ad-Hoc|iPhoneSimulator.Build.0 = Release|Any CPU
		{6BC8BD20-2799-4150-9DDD-E148BD875BDE}.Ad-Hoc|x64.ActiveCfg = Release|Any CPU
		{6BC8BD20-2799-4150-9DDD-E148BD875BDE}.Ad-Hoc|x64.Build.0 = Release|Any CPU
		{6BC8BD20-2799-4150-9DDD-E148BD875BDE}.Ad-Hoc|x86.ActiveCfg = Release|Any CPU
		{6BC8BD20-2799-4150-9DDD-E148BD875BDE}.Ad-Hoc|x86.Build.0 = Release|Any CPU
		{6BC8BD20-2799-4150-9DDD-E148BD875BDE}.AppStore|Any CPU.ActiveCfg = Release|Any CPU
		{6BC8BD20-2799-4150-9DDD-E148BD875BDE}.AppStore|Any CPU.Build.0 = Release|Any CPU
		{6BC8BD20-2799-4150-9DDD-E148BD875BDE}.AppStore|ARM.ActiveCfg = Release|Any CPU
		{6BC8BD20-2799-4150-9DDD-E148BD875BDE}.AppStore|ARM.Build.0 = Release|Any CPU
		{6BC8BD20-2799-4150-9DDD-E148BD875BDE}.AppStore|iPhone.ActiveCfg = Release|Any CPU
		{6BC8BD20-2799-4150-9DDD-E148BD875BDE}.AppStore|iPhone.Build.0 = Release|Any CPU
		{6BC8BD20-2799-4150-9DDD-E148BD875BDE}.AppStore|iPhoneSimulator.ActiveCfg = Release|Any CPU
		{6BC8BD20-2799-4150-9DDD-E148BD875BDE}.AppStore|iPhoneSimulator.Build.0 = Release|Any CPU
		{6BC8BD20-2799-4150-9DDD-E148BD875BDE}.AppStore|x64.ActiveCfg = Release|Any CPU
		{6BC8BD20-2799-4150-9DDD-E148BD875BDE}.AppStore|x64.Build.0 = Release|Any CPU
		{6BC8BD20-2799-4150-9DDD-E148BD875BDE}.AppStore|x86.ActiveCfg = Release|Any CPU
		{6BC8BD20-2799-4150-9DDD-E148BD875BDE}.AppStore|x86.Build.0 = Release|Any CPU
		{6BC8BD20-2799-4150-9DDD-E148BD875BDE}.Debug|Any CPU.ActiveCfg = Debug|Any CPU
		{6BC8BD20-2799-4150-9DDD-E148BD875BDE}.Debug|Any CPU.Build.0 = Debug|Any CPU
		{6BC8BD20-2799-4150-9DDD-E148BD875BDE}.Debug|ARM.ActiveCfg = Debug|Any CPU
		{6BC8BD20-2799-4150-9DDD-E148BD875BDE}.Debug|ARM.Build.0 = Debug|Any CPU
		{6BC8BD20-2799-4150-9DDD-E148BD875BDE}.Debug|iPhone.ActiveCfg = Debug|Any CPU
		{6BC8BD20-2799-4150-9DDD-E148BD875BDE}.Debug|iPhone.Build.0 = Debug|Any CPU
		{6BC8BD20-2799-4150-9DDD-E148BD875BDE}.Debug|iPhoneSimulator.ActiveCfg = Debug|Any CPU
		{6BC8BD20-2799-4150-9DDD-E148BD875BDE}.Debug|iPhoneSimulator.Build.0 = Debug|Any CPU
		{6BC8BD20-2799-4150-9DDD-E148BD875BDE}.Debug|x64.ActiveCfg = Debug|Any CPU
		{6BC8BD20-2799-4150-9DDD-E148BD875BDE}.Debug|x64.Build.0 = Debug|Any CPU
		{6BC8BD20-2799-4150-9DDD-E148BD875BDE}.Debug|x86.ActiveCfg = Debug|Any CPU
		{6BC8BD20-2799-4150-9DDD-E148BD875BDE}.Debug|x86.Build.0 = Debug|Any CPU
		{6BC8BD20-2799-4150-9DDD-E148BD875BDE}.Release|Any CPU.ActiveCfg = Release|Any CPU
		{6BC8BD20-2799-4150-9DDD-E148BD875BDE}.Release|Any CPU.Build.0 = Release|Any CPU
		{6BC8BD20-2799-4150-9DDD-E148BD875BDE}.Release|ARM.ActiveCfg = Release|Any CPU
		{6BC8BD20-2799-4150-9DDD-E148BD875BDE}.Release|ARM.Build.0 = Release|Any CPU
		{6BC8BD20-2799-4150-9DDD-E148BD875BDE}.Release|iPhone.ActiveCfg = Release|Any CPU
		{6BC8BD20-2799-4150-9DDD-E148BD875BDE}.Release|iPhone.Build.0 = Release|Any CPU
		{6BC8BD20-2799-4150-9DDD-E148BD875BDE}.Release|iPhoneSimulator.ActiveCfg = Release|Any CPU
		{6BC8BD20-2799-4150-9DDD-E148BD875BDE}.Release|iPhoneSimulator.Build.0 = Release|Any CPU
		{6BC8BD20-2799-4150-9DDD-E148BD875BDE}.Release|x64.ActiveCfg = Release|Any CPU
		{6BC8BD20-2799-4150-9DDD-E148BD875BDE}.Release|x64.Build.0 = Release|Any CPU
		{6BC8BD20-2799-4150-9DDD-E148BD875BDE}.Release|x86.ActiveCfg = Release|Any CPU
		{6BC8BD20-2799-4150-9DDD-E148BD875BDE}.Release|x86.Build.0 = Release|Any CPU
		{5A6B75B3-D268-4E27-87C5-15CF2C8BE958}.Ad-Hoc|Any CPU.ActiveCfg = Release|Any CPU
		{5A6B75B3-D268-4E27-87C5-15CF2C8BE958}.Ad-Hoc|Any CPU.Build.0 = Release|Any CPU
		{5A6B75B3-D268-4E27-87C5-15CF2C8BE958}.Ad-Hoc|ARM.ActiveCfg = Release|Any CPU
		{5A6B75B3-D268-4E27-87C5-15CF2C8BE958}.Ad-Hoc|ARM.Build.0 = Release|Any CPU
		{5A6B75B3-D268-4E27-87C5-15CF2C8BE958}.Ad-Hoc|iPhone.ActiveCfg = Release|Any CPU
		{5A6B75B3-D268-4E27-87C5-15CF2C8BE958}.Ad-Hoc|iPhone.Build.0 = Release|Any CPU
		{5A6B75B3-D268-4E27-87C5-15CF2C8BE958}.Ad-Hoc|iPhoneSimulator.ActiveCfg = Release|Any CPU
		{5A6B75B3-D268-4E27-87C5-15CF2C8BE958}.Ad-Hoc|iPhoneSimulator.Build.0 = Release|Any CPU
		{5A6B75B3-D268-4E27-87C5-15CF2C8BE958}.Ad-Hoc|x64.ActiveCfg = Release|Any CPU
		{5A6B75B3-D268-4E27-87C5-15CF2C8BE958}.Ad-Hoc|x64.Build.0 = Release|Any CPU
		{5A6B75B3-D268-4E27-87C5-15CF2C8BE958}.Ad-Hoc|x86.ActiveCfg = Release|Any CPU
		{5A6B75B3-D268-4E27-87C5-15CF2C8BE958}.Ad-Hoc|x86.Build.0 = Release|Any CPU
		{5A6B75B3-D268-4E27-87C5-15CF2C8BE958}.AppStore|Any CPU.ActiveCfg = Release|Any CPU
		{5A6B75B3-D268-4E27-87C5-15CF2C8BE958}.AppStore|Any CPU.Build.0 = Release|Any CPU
		{5A6B75B3-D268-4E27-87C5-15CF2C8BE958}.AppStore|ARM.ActiveCfg = Release|Any CPU
		{5A6B75B3-D268-4E27-87C5-15CF2C8BE958}.AppStore|ARM.Build.0 = Release|Any CPU
		{5A6B75B3-D268-4E27-87C5-15CF2C8BE958}.AppStore|iPhone.ActiveCfg = Release|Any CPU
		{5A6B75B3-D268-4E27-87C5-15CF2C8BE958}.AppStore|iPhone.Build.0 = Release|Any CPU
		{5A6B75B3-D268-4E27-87C5-15CF2C8BE958}.AppStore|iPhoneSimulator.ActiveCfg = Release|Any CPU
		{5A6B75B3-D268-4E27-87C5-15CF2C8BE958}.AppStore|iPhoneSimulator.Build.0 = Release|Any CPU
		{5A6B75B3-D268-4E27-87C5-15CF2C8BE958}.AppStore|x64.ActiveCfg = Release|Any CPU
		{5A6B75B3-D268-4E27-87C5-15CF2C8BE958}.AppStore|x64.Build.0 = Release|Any CPU
		{5A6B75B3-D268-4E27-87C5-15CF2C8BE958}.AppStore|x86.ActiveCfg = Release|Any CPU
		{5A6B75B3-D268-4E27-87C5-15CF2C8BE958}.AppStore|x86.Build.0 = Release|Any CPU
		{5A6B75B3-D268-4E27-87C5-15CF2C8BE958}.Debug|Any CPU.ActiveCfg = Debug|Any CPU
		{5A6B75B3-D268-4E27-87C5-15CF2C8BE958}.Debug|Any CPU.Build.0 = Debug|Any CPU
		{5A6B75B3-D268-4E27-87C5-15CF2C8BE958}.Debug|ARM.ActiveCfg = Debug|Any CPU
		{5A6B75B3-D268-4E27-87C5-15CF2C8BE958}.Debug|ARM.Build.0 = Debug|Any CPU
		{5A6B75B3-D268-4E27-87C5-15CF2C8BE958}.Debug|iPhone.ActiveCfg = Debug|Any CPU
		{5A6B75B3-D268-4E27-87C5-15CF2C8BE958}.Debug|iPhone.Build.0 = Debug|Any CPU
		{5A6B75B3-D268-4E27-87C5-15CF2C8BE958}.Debug|iPhoneSimulator.ActiveCfg = Debug|Any CPU
		{5A6B75B3-D268-4E27-87C5-15CF2C8BE958}.Debug|iPhoneSimulator.Build.0 = Debug|Any CPU
		{5A6B75B3-D268-4E27-87C5-15CF2C8BE958}.Debug|x64.ActiveCfg = Debug|Any CPU
		{5A6B75B3-D268-4E27-87C5-15CF2C8BE958}.Debug|x64.Build.0 = Debug|Any CPU
		{5A6B75B3-D268-4E27-87C5-15CF2C8BE958}.Debug|x86.ActiveCfg = Debug|Any CPU
		{5A6B75B3-D268-4E27-87C5-15CF2C8BE958}.Debug|x86.Build.0 = Debug|Any CPU
		{5A6B75B3-D268-4E27-87C5-15CF2C8BE958}.Release|Any CPU.ActiveCfg = Release|Any CPU
		{5A6B75B3-D268-4E27-87C5-15CF2C8BE958}.Release|Any CPU.Build.0 = Release|Any CPU
		{5A6B75B3-D268-4E27-87C5-15CF2C8BE958}.Release|ARM.ActiveCfg = Release|Any CPU
		{5A6B75B3-D268-4E27-87C5-15CF2C8BE958}.Release|ARM.Build.0 = Release|Any CPU
		{5A6B75B3-D268-4E27-87C5-15CF2C8BE958}.Release|iPhone.ActiveCfg = Release|Any CPU
		{5A6B75B3-D268-4E27-87C5-15CF2C8BE958}.Release|iPhone.Build.0 = Release|Any CPU
		{5A6B75B3-D268-4E27-87C5-15CF2C8BE958}.Release|iPhoneSimulator.ActiveCfg = Release|Any CPU
		{5A6B75B3-D268-4E27-87C5-15CF2C8BE958}.Release|iPhoneSimulator.Build.0 = Release|Any CPU
		{5A6B75B3-D268-4E27-87C5-15CF2C8BE958}.Release|x64.ActiveCfg = Release|Any CPU
		{5A6B75B3-D268-4E27-87C5-15CF2C8BE958}.Release|x64.Build.0 = Release|Any CPU
		{5A6B75B3-D268-4E27-87C5-15CF2C8BE958}.Release|x86.ActiveCfg = Release|Any CPU
		{5A6B75B3-D268-4E27-87C5-15CF2C8BE958}.Release|x86.Build.0 = Release|Any CPU
		{5CE60B38-B1AD-4973-A7EC-32D087BF8F23}.Ad-Hoc|Any CPU.ActiveCfg = Release|Any CPU
		{5CE60B38-B1AD-4973-A7EC-32D087BF8F23}.Ad-Hoc|Any CPU.Build.0 = Release|Any CPU
		{5CE60B38-B1AD-4973-A7EC-32D087BF8F23}.Ad-Hoc|ARM.ActiveCfg = Release|Any CPU
		{5CE60B38-B1AD-4973-A7EC-32D087BF8F23}.Ad-Hoc|ARM.Build.0 = Release|Any CPU
		{5CE60B38-B1AD-4973-A7EC-32D087BF8F23}.Ad-Hoc|iPhone.ActiveCfg = Release|Any CPU
		{5CE60B38-B1AD-4973-A7EC-32D087BF8F23}.Ad-Hoc|iPhone.Build.0 = Release|Any CPU
		{5CE60B38-B1AD-4973-A7EC-32D087BF8F23}.Ad-Hoc|iPhoneSimulator.ActiveCfg = Release|Any CPU
		{5CE60B38-B1AD-4973-A7EC-32D087BF8F23}.Ad-Hoc|iPhoneSimulator.Build.0 = Release|Any CPU
		{5CE60B38-B1AD-4973-A7EC-32D087BF8F23}.Ad-Hoc|x64.ActiveCfg = Release|Any CPU
		{5CE60B38-B1AD-4973-A7EC-32D087BF8F23}.Ad-Hoc|x64.Build.0 = Release|Any CPU
		{5CE60B38-B1AD-4973-A7EC-32D087BF8F23}.Ad-Hoc|x86.ActiveCfg = Release|Any CPU
		{5CE60B38-B1AD-4973-A7EC-32D087BF8F23}.Ad-Hoc|x86.Build.0 = Release|Any CPU
		{5CE60B38-B1AD-4973-A7EC-32D087BF8F23}.AppStore|Any CPU.ActiveCfg = Release|Any CPU
		{5CE60B38-B1AD-4973-A7EC-32D087BF8F23}.AppStore|Any CPU.Build.0 = Release|Any CPU
		{5CE60B38-B1AD-4973-A7EC-32D087BF8F23}.AppStore|ARM.ActiveCfg = Release|Any CPU
		{5CE60B38-B1AD-4973-A7EC-32D087BF8F23}.AppStore|ARM.Build.0 = Release|Any CPU
		{5CE60B38-B1AD-4973-A7EC-32D087BF8F23}.AppStore|iPhone.ActiveCfg = Release|Any CPU
		{5CE60B38-B1AD-4973-A7EC-32D087BF8F23}.AppStore|iPhone.Build.0 = Release|Any CPU
		{5CE60B38-B1AD-4973-A7EC-32D087BF8F23}.AppStore|iPhoneSimulator.ActiveCfg = Release|Any CPU
		{5CE60B38-B1AD-4973-A7EC-32D087BF8F23}.AppStore|iPhoneSimulator.Build.0 = Release|Any CPU
		{5CE60B38-B1AD-4973-A7EC-32D087BF8F23}.AppStore|x64.ActiveCfg = Release|Any CPU
		{5CE60B38-B1AD-4973-A7EC-32D087BF8F23}.AppStore|x64.Build.0 = Release|Any CPU
		{5CE60B38-B1AD-4973-A7EC-32D087BF8F23}.AppStore|x86.ActiveCfg = Release|Any CPU
		{5CE60B38-B1AD-4973-A7EC-32D087BF8F23}.AppStore|x86.Build.0 = Release|Any CPU
		{5CE60B38-B1AD-4973-A7EC-32D087BF8F23}.Debug|Any CPU.ActiveCfg = Debug|Any CPU
		{5CE60B38-B1AD-4973-A7EC-32D087BF8F23}.Debug|Any CPU.Build.0 = Debug|Any CPU
		{5CE60B38-B1AD-4973-A7EC-32D087BF8F23}.Debug|ARM.ActiveCfg = Debug|Any CPU
		{5CE60B38-B1AD-4973-A7EC-32D087BF8F23}.Debug|ARM.Build.0 = Debug|Any CPU
		{5CE60B38-B1AD-4973-A7EC-32D087BF8F23}.Debug|iPhone.ActiveCfg = Debug|Any CPU
		{5CE60B38-B1AD-4973-A7EC-32D087BF8F23}.Debug|iPhone.Build.0 = Debug|Any CPU
		{5CE60B38-B1AD-4973-A7EC-32D087BF8F23}.Debug|iPhoneSimulator.ActiveCfg = Debug|Any CPU
		{5CE60B38-B1AD-4973-A7EC-32D087BF8F23}.Debug|iPhoneSimulator.Build.0 = Debug|Any CPU
		{5CE60B38-B1AD-4973-A7EC-32D087BF8F23}.Debug|x64.ActiveCfg = Debug|Any CPU
		{5CE60B38-B1AD-4973-A7EC-32D087BF8F23}.Debug|x64.Build.0 = Debug|Any CPU
		{5CE60B38-B1AD-4973-A7EC-32D087BF8F23}.Debug|x86.ActiveCfg = Debug|Any CPU
		{5CE60B38-B1AD-4973-A7EC-32D087BF8F23}.Debug|x86.Build.0 = Debug|Any CPU
		{5CE60B38-B1AD-4973-A7EC-32D087BF8F23}.Release|Any CPU.ActiveCfg = Release|Any CPU
		{5CE60B38-B1AD-4973-A7EC-32D087BF8F23}.Release|Any CPU.Build.0 = Release|Any CPU
		{5CE60B38-B1AD-4973-A7EC-32D087BF8F23}.Release|ARM.ActiveCfg = Release|Any CPU
		{5CE60B38-B1AD-4973-A7EC-32D087BF8F23}.Release|ARM.Build.0 = Release|Any CPU
		{5CE60B38-B1AD-4973-A7EC-32D087BF8F23}.Release|iPhone.ActiveCfg = Release|Any CPU
		{5CE60B38-B1AD-4973-A7EC-32D087BF8F23}.Release|iPhone.Build.0 = Release|Any CPU
		{5CE60B38-B1AD-4973-A7EC-32D087BF8F23}.Release|iPhoneSimulator.ActiveCfg = Release|Any CPU
		{5CE60B38-B1AD-4973-A7EC-32D087BF8F23}.Release|iPhoneSimulator.Build.0 = Release|Any CPU
		{5CE60B38-B1AD-4973-A7EC-32D087BF8F23}.Release|x64.ActiveCfg = Release|Any CPU
		{5CE60B38-B1AD-4973-A7EC-32D087BF8F23}.Release|x64.Build.0 = Release|Any CPU
		{5CE60B38-B1AD-4973-A7EC-32D087BF8F23}.Release|x86.ActiveCfg = Release|Any CPU
		{5CE60B38-B1AD-4973-A7EC-32D087BF8F23}.Release|x86.Build.0 = Release|Any CPU
		{465E3BD9-592D-424B-A063-39113F5A407F}.Ad-Hoc|Any CPU.ActiveCfg = Release|Any CPU
		{465E3BD9-592D-424B-A063-39113F5A407F}.Ad-Hoc|Any CPU.Build.0 = Release|Any CPU
		{465E3BD9-592D-424B-A063-39113F5A407F}.Ad-Hoc|ARM.ActiveCfg = Release|Any CPU
		{465E3BD9-592D-424B-A063-39113F5A407F}.Ad-Hoc|ARM.Build.0 = Release|Any CPU
		{465E3BD9-592D-424B-A063-39113F5A407F}.Ad-Hoc|iPhone.ActiveCfg = Release|Any CPU
		{465E3BD9-592D-424B-A063-39113F5A407F}.Ad-Hoc|iPhone.Build.0 = Release|Any CPU
		{465E3BD9-592D-424B-A063-39113F5A407F}.Ad-Hoc|iPhoneSimulator.ActiveCfg = Release|Any CPU
		{465E3BD9-592D-424B-A063-39113F5A407F}.Ad-Hoc|iPhoneSimulator.Build.0 = Release|Any CPU
		{465E3BD9-592D-424B-A063-39113F5A407F}.Ad-Hoc|x64.ActiveCfg = Release|Any CPU
		{465E3BD9-592D-424B-A063-39113F5A407F}.Ad-Hoc|x64.Build.0 = Release|Any CPU
		{465E3BD9-592D-424B-A063-39113F5A407F}.Ad-Hoc|x86.ActiveCfg = Release|Any CPU
		{465E3BD9-592D-424B-A063-39113F5A407F}.Ad-Hoc|x86.Build.0 = Release|Any CPU
		{465E3BD9-592D-424B-A063-39113F5A407F}.AppStore|Any CPU.ActiveCfg = Release|Any CPU
		{465E3BD9-592D-424B-A063-39113F5A407F}.AppStore|Any CPU.Build.0 = Release|Any CPU
		{465E3BD9-592D-424B-A063-39113F5A407F}.AppStore|ARM.ActiveCfg = Release|Any CPU
		{465E3BD9-592D-424B-A063-39113F5A407F}.AppStore|ARM.Build.0 = Release|Any CPU
		{465E3BD9-592D-424B-A063-39113F5A407F}.AppStore|iPhone.ActiveCfg = Release|Any CPU
		{465E3BD9-592D-424B-A063-39113F5A407F}.AppStore|iPhone.Build.0 = Release|Any CPU
		{465E3BD9-592D-424B-A063-39113F5A407F}.AppStore|iPhoneSimulator.ActiveCfg = Release|Any CPU
		{465E3BD9-592D-424B-A063-39113F5A407F}.AppStore|iPhoneSimulator.Build.0 = Release|Any CPU
		{465E3BD9-592D-424B-A063-39113F5A407F}.AppStore|x64.ActiveCfg = Release|Any CPU
		{465E3BD9-592D-424B-A063-39113F5A407F}.AppStore|x64.Build.0 = Release|Any CPU
		{465E3BD9-592D-424B-A063-39113F5A407F}.AppStore|x86.ActiveCfg = Release|Any CPU
		{465E3BD9-592D-424B-A063-39113F5A407F}.AppStore|x86.Build.0 = Release|Any CPU
		{465E3BD9-592D-424B-A063-39113F5A407F}.Debug|Any CPU.ActiveCfg = Debug|Any CPU
		{465E3BD9-592D-424B-A063-39113F5A407F}.Debug|Any CPU.Build.0 = Debug|Any CPU
		{465E3BD9-592D-424B-A063-39113F5A407F}.Debug|ARM.ActiveCfg = Debug|Any CPU
		{465E3BD9-592D-424B-A063-39113F5A407F}.Debug|ARM.Build.0 = Debug|Any CPU
		{465E3BD9-592D-424B-A063-39113F5A407F}.Debug|iPhone.ActiveCfg = Debug|Any CPU
		{465E3BD9-592D-424B-A063-39113F5A407F}.Debug|iPhone.Build.0 = Debug|Any CPU
		{465E3BD9-592D-424B-A063-39113F5A407F}.Debug|iPhoneSimulator.ActiveCfg = Debug|Any CPU
		{465E3BD9-592D-424B-A063-39113F5A407F}.Debug|iPhoneSimulator.Build.0 = Debug|Any CPU
		{465E3BD9-592D-424B-A063-39113F5A407F}.Debug|x64.ActiveCfg = Debug|Any CPU
		{465E3BD9-592D-424B-A063-39113F5A407F}.Debug|x64.Build.0 = Debug|Any CPU
		{465E3BD9-592D-424B-A063-39113F5A407F}.Debug|x86.ActiveCfg = Debug|Any CPU
		{465E3BD9-592D-424B-A063-39113F5A407F}.Debug|x86.Build.0 = Debug|Any CPU
		{465E3BD9-592D-424B-A063-39113F5A407F}.Release|Any CPU.ActiveCfg = Release|Any CPU
		{465E3BD9-592D-424B-A063-39113F5A407F}.Release|Any CPU.Build.0 = Release|Any CPU
		{465E3BD9-592D-424B-A063-39113F5A407F}.Release|ARM.ActiveCfg = Release|Any CPU
		{465E3BD9-592D-424B-A063-39113F5A407F}.Release|ARM.Build.0 = Release|Any CPU
		{465E3BD9-592D-424B-A063-39113F5A407F}.Release|iPhone.ActiveCfg = Release|Any CPU
		{465E3BD9-592D-424B-A063-39113F5A407F}.Release|iPhone.Build.0 = Release|Any CPU
		{465E3BD9-592D-424B-A063-39113F5A407F}.Release|iPhoneSimulator.ActiveCfg = Release|Any CPU
		{465E3BD9-592D-424B-A063-39113F5A407F}.Release|iPhoneSimulator.Build.0 = Release|Any CPU
		{465E3BD9-592D-424B-A063-39113F5A407F}.Release|x64.ActiveCfg = Release|Any CPU
		{465E3BD9-592D-424B-A063-39113F5A407F}.Release|x64.Build.0 = Release|Any CPU
		{465E3BD9-592D-424B-A063-39113F5A407F}.Release|x86.ActiveCfg = Release|Any CPU
		{465E3BD9-592D-424B-A063-39113F5A407F}.Release|x86.Build.0 = Release|Any CPU
		{B71CB584-38A8-4E21-89F4-A055187590C1}.Ad-Hoc|Any CPU.ActiveCfg = Release|Any CPU
		{B71CB584-38A8-4E21-89F4-A055187590C1}.Ad-Hoc|Any CPU.Build.0 = Release|Any CPU
		{B71CB584-38A8-4E21-89F4-A055187590C1}.Ad-Hoc|ARM.ActiveCfg = Release|Any CPU
		{B71CB584-38A8-4E21-89F4-A055187590C1}.Ad-Hoc|ARM.Build.0 = Release|Any CPU
		{B71CB584-38A8-4E21-89F4-A055187590C1}.Ad-Hoc|iPhone.ActiveCfg = Release|Any CPU
		{B71CB584-38A8-4E21-89F4-A055187590C1}.Ad-Hoc|iPhone.Build.0 = Release|Any CPU
		{B71CB584-38A8-4E21-89F4-A055187590C1}.Ad-Hoc|iPhoneSimulator.ActiveCfg = Release|Any CPU
		{B71CB584-38A8-4E21-89F4-A055187590C1}.Ad-Hoc|iPhoneSimulator.Build.0 = Release|Any CPU
		{B71CB584-38A8-4E21-89F4-A055187590C1}.Ad-Hoc|x64.ActiveCfg = Release|Any CPU
		{B71CB584-38A8-4E21-89F4-A055187590C1}.Ad-Hoc|x64.Build.0 = Release|Any CPU
		{B71CB584-38A8-4E21-89F4-A055187590C1}.Ad-Hoc|x86.ActiveCfg = Release|Any CPU
		{B71CB584-38A8-4E21-89F4-A055187590C1}.Ad-Hoc|x86.Build.0 = Release|Any CPU
		{B71CB584-38A8-4E21-89F4-A055187590C1}.AppStore|Any CPU.ActiveCfg = Release|Any CPU
		{B71CB584-38A8-4E21-89F4-A055187590C1}.AppStore|Any CPU.Build.0 = Release|Any CPU
		{B71CB584-38A8-4E21-89F4-A055187590C1}.AppStore|ARM.ActiveCfg = Release|Any CPU
		{B71CB584-38A8-4E21-89F4-A055187590C1}.AppStore|ARM.Build.0 = Release|Any CPU
		{B71CB584-38A8-4E21-89F4-A055187590C1}.AppStore|iPhone.ActiveCfg = Release|Any CPU
		{B71CB584-38A8-4E21-89F4-A055187590C1}.AppStore|iPhone.Build.0 = Release|Any CPU
		{B71CB584-38A8-4E21-89F4-A055187590C1}.AppStore|iPhoneSimulator.ActiveCfg = Release|Any CPU
		{B71CB584-38A8-4E21-89F4-A055187590C1}.AppStore|iPhoneSimulator.Build.0 = Release|Any CPU
		{B71CB584-38A8-4E21-89F4-A055187590C1}.AppStore|x64.ActiveCfg = Release|Any CPU
		{B71CB584-38A8-4E21-89F4-A055187590C1}.AppStore|x64.Build.0 = Release|Any CPU
		{B71CB584-38A8-4E21-89F4-A055187590C1}.AppStore|x86.ActiveCfg = Release|Any CPU
		{B71CB584-38A8-4E21-89F4-A055187590C1}.AppStore|x86.Build.0 = Release|Any CPU
		{B71CB584-38A8-4E21-89F4-A055187590C1}.Debug|Any CPU.ActiveCfg = Debug|Any CPU
		{B71CB584-38A8-4E21-89F4-A055187590C1}.Debug|Any CPU.Build.0 = Debug|Any CPU
		{B71CB584-38A8-4E21-89F4-A055187590C1}.Debug|ARM.ActiveCfg = Debug|Any CPU
		{B71CB584-38A8-4E21-89F4-A055187590C1}.Debug|ARM.Build.0 = Debug|Any CPU
		{B71CB584-38A8-4E21-89F4-A055187590C1}.Debug|iPhone.ActiveCfg = Debug|Any CPU
		{B71CB584-38A8-4E21-89F4-A055187590C1}.Debug|iPhone.Build.0 = Debug|Any CPU
		{B71CB584-38A8-4E21-89F4-A055187590C1}.Debug|iPhoneSimulator.ActiveCfg = Debug|Any CPU
		{B71CB584-38A8-4E21-89F4-A055187590C1}.Debug|iPhoneSimulator.Build.0 = Debug|Any CPU
		{B71CB584-38A8-4E21-89F4-A055187590C1}.Debug|x64.ActiveCfg = Debug|Any CPU
		{B71CB584-38A8-4E21-89F4-A055187590C1}.Debug|x64.Build.0 = Debug|Any CPU
		{B71CB584-38A8-4E21-89F4-A055187590C1}.Debug|x86.ActiveCfg = Debug|Any CPU
		{B71CB584-38A8-4E21-89F4-A055187590C1}.Debug|x86.Build.0 = Debug|Any CPU
		{B71CB584-38A8-4E21-89F4-A055187590C1}.Release|Any CPU.ActiveCfg = Release|Any CPU
		{B71CB584-38A8-4E21-89F4-A055187590C1}.Release|Any CPU.Build.0 = Release|Any CPU
		{B71CB584-38A8-4E21-89F4-A055187590C1}.Release|ARM.ActiveCfg = Release|Any CPU
		{B71CB584-38A8-4E21-89F4-A055187590C1}.Release|ARM.Build.0 = Release|Any CPU
		{B71CB584-38A8-4E21-89F4-A055187590C1}.Release|iPhone.ActiveCfg = Release|Any CPU
		{B71CB584-38A8-4E21-89F4-A055187590C1}.Release|iPhone.Build.0 = Release|Any CPU
		{B71CB584-38A8-4E21-89F4-A055187590C1}.Release|iPhoneSimulator.ActiveCfg = Release|Any CPU
		{B71CB584-38A8-4E21-89F4-A055187590C1}.Release|iPhoneSimulator.Build.0 = Release|Any CPU
		{B71CB584-38A8-4E21-89F4-A055187590C1}.Release|x64.ActiveCfg = Release|Any CPU
		{B71CB584-38A8-4E21-89F4-A055187590C1}.Release|x64.Build.0 = Release|Any CPU
		{B71CB584-38A8-4E21-89F4-A055187590C1}.Release|x86.ActiveCfg = Release|Any CPU
		{B71CB584-38A8-4E21-89F4-A055187590C1}.Release|x86.Build.0 = Release|Any CPU
		{A4039032-2FBA-4D80-AA27-588E31988A23}.Ad-Hoc|Any CPU.ActiveCfg = Debug|Any CPU
		{A4039032-2FBA-4D80-AA27-588E31988A23}.Ad-Hoc|Any CPU.Build.0 = Debug|Any CPU
		{A4039032-2FBA-4D80-AA27-588E31988A23}.Ad-Hoc|ARM.ActiveCfg = Debug|Any CPU
		{A4039032-2FBA-4D80-AA27-588E31988A23}.Ad-Hoc|ARM.Build.0 = Debug|Any CPU
		{A4039032-2FBA-4D80-AA27-588E31988A23}.Ad-Hoc|iPhone.ActiveCfg = Debug|Any CPU
		{A4039032-2FBA-4D80-AA27-588E31988A23}.Ad-Hoc|iPhone.Build.0 = Debug|Any CPU
		{A4039032-2FBA-4D80-AA27-588E31988A23}.Ad-Hoc|iPhoneSimulator.ActiveCfg = Debug|Any CPU
		{A4039032-2FBA-4D80-AA27-588E31988A23}.Ad-Hoc|iPhoneSimulator.Build.0 = Debug|Any CPU
		{A4039032-2FBA-4D80-AA27-588E31988A23}.Ad-Hoc|x64.ActiveCfg = Debug|Any CPU
		{A4039032-2FBA-4D80-AA27-588E31988A23}.Ad-Hoc|x64.Build.0 = Debug|Any CPU
		{A4039032-2FBA-4D80-AA27-588E31988A23}.Ad-Hoc|x86.ActiveCfg = Debug|Any CPU
		{A4039032-2FBA-4D80-AA27-588E31988A23}.Ad-Hoc|x86.Build.0 = Debug|Any CPU
		{A4039032-2FBA-4D80-AA27-588E31988A23}.AppStore|Any CPU.ActiveCfg = Debug|Any CPU
		{A4039032-2FBA-4D80-AA27-588E31988A23}.AppStore|Any CPU.Build.0 = Debug|Any CPU
		{A4039032-2FBA-4D80-AA27-588E31988A23}.AppStore|ARM.ActiveCfg = Debug|Any CPU
		{A4039032-2FBA-4D80-AA27-588E31988A23}.AppStore|ARM.Build.0 = Debug|Any CPU
		{A4039032-2FBA-4D80-AA27-588E31988A23}.AppStore|iPhone.ActiveCfg = Debug|Any CPU
		{A4039032-2FBA-4D80-AA27-588E31988A23}.AppStore|iPhone.Build.0 = Debug|Any CPU
		{A4039032-2FBA-4D80-AA27-588E31988A23}.AppStore|iPhoneSimulator.ActiveCfg = Debug|Any CPU
		{A4039032-2FBA-4D80-AA27-588E31988A23}.AppStore|iPhoneSimulator.Build.0 = Debug|Any CPU
		{A4039032-2FBA-4D80-AA27-588E31988A23}.AppStore|x64.ActiveCfg = Debug|Any CPU
		{A4039032-2FBA-4D80-AA27-588E31988A23}.AppStore|x64.Build.0 = Debug|Any CPU
		{A4039032-2FBA-4D80-AA27-588E31988A23}.AppStore|x86.ActiveCfg = Debug|Any CPU
		{A4039032-2FBA-4D80-AA27-588E31988A23}.AppStore|x86.Build.0 = Debug|Any CPU
		{A4039032-2FBA-4D80-AA27-588E31988A23}.Debug|Any CPU.ActiveCfg = Debug|Any CPU
		{A4039032-2FBA-4D80-AA27-588E31988A23}.Debug|Any CPU.Build.0 = Debug|Any CPU
		{A4039032-2FBA-4D80-AA27-588E31988A23}.Debug|ARM.ActiveCfg = Debug|Any CPU
		{A4039032-2FBA-4D80-AA27-588E31988A23}.Debug|ARM.Build.0 = Debug|Any CPU
		{A4039032-2FBA-4D80-AA27-588E31988A23}.Debug|iPhone.ActiveCfg = Debug|Any CPU
		{A4039032-2FBA-4D80-AA27-588E31988A23}.Debug|iPhone.Build.0 = Debug|Any CPU
		{A4039032-2FBA-4D80-AA27-588E31988A23}.Debug|iPhoneSimulator.ActiveCfg = Debug|Any CPU
		{A4039032-2FBA-4D80-AA27-588E31988A23}.Debug|iPhoneSimulator.Build.0 = Debug|Any CPU
		{A4039032-2FBA-4D80-AA27-588E31988A23}.Debug|x64.ActiveCfg = Debug|Any CPU
		{A4039032-2FBA-4D80-AA27-588E31988A23}.Debug|x64.Build.0 = Debug|Any CPU
		{A4039032-2FBA-4D80-AA27-588E31988A23}.Debug|x86.ActiveCfg = Debug|Any CPU
		{A4039032-2FBA-4D80-AA27-588E31988A23}.Debug|x86.Build.0 = Debug|Any CPU
		{A4039032-2FBA-4D80-AA27-588E31988A23}.Release|Any CPU.ActiveCfg = Release|Any CPU
		{A4039032-2FBA-4D80-AA27-588E31988A23}.Release|Any CPU.Build.0 = Release|Any CPU
		{A4039032-2FBA-4D80-AA27-588E31988A23}.Release|ARM.ActiveCfg = Release|Any CPU
		{A4039032-2FBA-4D80-AA27-588E31988A23}.Release|ARM.Build.0 = Release|Any CPU
		{A4039032-2FBA-4D80-AA27-588E31988A23}.Release|iPhone.ActiveCfg = Release|Any CPU
		{A4039032-2FBA-4D80-AA27-588E31988A23}.Release|iPhone.Build.0 = Release|Any CPU
		{A4039032-2FBA-4D80-AA27-588E31988A23}.Release|iPhoneSimulator.ActiveCfg = Release|Any CPU
		{A4039032-2FBA-4D80-AA27-588E31988A23}.Release|iPhoneSimulator.Build.0 = Release|Any CPU
		{A4039032-2FBA-4D80-AA27-588E31988A23}.Release|x64.ActiveCfg = Release|Any CPU
		{A4039032-2FBA-4D80-AA27-588E31988A23}.Release|x64.Build.0 = Release|Any CPU
		{A4039032-2FBA-4D80-AA27-588E31988A23}.Release|x86.ActiveCfg = Release|Any CPU
		{A4039032-2FBA-4D80-AA27-588E31988A23}.Release|x86.Build.0 = Release|Any CPU
		{389C0AA1-E138-46B2-97F2-5A768F8FC3C4}.Ad-Hoc|Any CPU.ActiveCfg = Release|Any CPU
		{389C0AA1-E138-46B2-97F2-5A768F8FC3C4}.Ad-Hoc|Any CPU.Build.0 = Release|Any CPU
		{389C0AA1-E138-46B2-97F2-5A768F8FC3C4}.Ad-Hoc|Any CPU.Deploy.0 = Release|Any CPU
		{389C0AA1-E138-46B2-97F2-5A768F8FC3C4}.Ad-Hoc|ARM.ActiveCfg = Release|Any CPU
		{389C0AA1-E138-46B2-97F2-5A768F8FC3C4}.Ad-Hoc|ARM.Build.0 = Release|Any CPU
		{389C0AA1-E138-46B2-97F2-5A768F8FC3C4}.Ad-Hoc|ARM.Deploy.0 = Release|Any CPU
		{389C0AA1-E138-46B2-97F2-5A768F8FC3C4}.Ad-Hoc|iPhone.ActiveCfg = Release|Any CPU
		{389C0AA1-E138-46B2-97F2-5A768F8FC3C4}.Ad-Hoc|iPhone.Build.0 = Release|Any CPU
		{389C0AA1-E138-46B2-97F2-5A768F8FC3C4}.Ad-Hoc|iPhone.Deploy.0 = Release|Any CPU
		{389C0AA1-E138-46B2-97F2-5A768F8FC3C4}.Ad-Hoc|iPhoneSimulator.ActiveCfg = Release|Any CPU
		{389C0AA1-E138-46B2-97F2-5A768F8FC3C4}.Ad-Hoc|iPhoneSimulator.Build.0 = Release|Any CPU
		{389C0AA1-E138-46B2-97F2-5A768F8FC3C4}.Ad-Hoc|iPhoneSimulator.Deploy.0 = Release|Any CPU
		{389C0AA1-E138-46B2-97F2-5A768F8FC3C4}.Ad-Hoc|x64.ActiveCfg = Release|Any CPU
		{389C0AA1-E138-46B2-97F2-5A768F8FC3C4}.Ad-Hoc|x64.Build.0 = Release|Any CPU
		{389C0AA1-E138-46B2-97F2-5A768F8FC3C4}.Ad-Hoc|x64.Deploy.0 = Release|Any CPU
		{389C0AA1-E138-46B2-97F2-5A768F8FC3C4}.Ad-Hoc|x86.ActiveCfg = Release|Any CPU
		{389C0AA1-E138-46B2-97F2-5A768F8FC3C4}.Ad-Hoc|x86.Build.0 = Release|Any CPU
		{389C0AA1-E138-46B2-97F2-5A768F8FC3C4}.Ad-Hoc|x86.Deploy.0 = Release|Any CPU
		{389C0AA1-E138-46B2-97F2-5A768F8FC3C4}.AppStore|Any CPU.ActiveCfg = Release|Any CPU
		{389C0AA1-E138-46B2-97F2-5A768F8FC3C4}.AppStore|Any CPU.Build.0 = Release|Any CPU
		{389C0AA1-E138-46B2-97F2-5A768F8FC3C4}.AppStore|Any CPU.Deploy.0 = Release|Any CPU
		{389C0AA1-E138-46B2-97F2-5A768F8FC3C4}.AppStore|ARM.ActiveCfg = Release|Any CPU
		{389C0AA1-E138-46B2-97F2-5A768F8FC3C4}.AppStore|ARM.Build.0 = Release|Any CPU
		{389C0AA1-E138-46B2-97F2-5A768F8FC3C4}.AppStore|ARM.Deploy.0 = Release|Any CPU
		{389C0AA1-E138-46B2-97F2-5A768F8FC3C4}.AppStore|iPhone.ActiveCfg = Release|Any CPU
		{389C0AA1-E138-46B2-97F2-5A768F8FC3C4}.AppStore|iPhone.Build.0 = Release|Any CPU
		{389C0AA1-E138-46B2-97F2-5A768F8FC3C4}.AppStore|iPhone.Deploy.0 = Release|Any CPU
		{389C0AA1-E138-46B2-97F2-5A768F8FC3C4}.AppStore|iPhoneSimulator.ActiveCfg = Release|Any CPU
		{389C0AA1-E138-46B2-97F2-5A768F8FC3C4}.AppStore|iPhoneSimulator.Build.0 = Release|Any CPU
		{389C0AA1-E138-46B2-97F2-5A768F8FC3C4}.AppStore|iPhoneSimulator.Deploy.0 = Release|Any CPU
		{389C0AA1-E138-46B2-97F2-5A768F8FC3C4}.AppStore|x64.ActiveCfg = Release|Any CPU
		{389C0AA1-E138-46B2-97F2-5A768F8FC3C4}.AppStore|x64.Build.0 = Release|Any CPU
		{389C0AA1-E138-46B2-97F2-5A768F8FC3C4}.AppStore|x64.Deploy.0 = Release|Any CPU
		{389C0AA1-E138-46B2-97F2-5A768F8FC3C4}.AppStore|x86.ActiveCfg = Release|Any CPU
		{389C0AA1-E138-46B2-97F2-5A768F8FC3C4}.AppStore|x86.Build.0 = Release|Any CPU
		{389C0AA1-E138-46B2-97F2-5A768F8FC3C4}.AppStore|x86.Deploy.0 = Release|Any CPU
		{389C0AA1-E138-46B2-97F2-5A768F8FC3C4}.Debug|Any CPU.ActiveCfg = Debug|Any CPU
		{389C0AA1-E138-46B2-97F2-5A768F8FC3C4}.Debug|Any CPU.Build.0 = Debug|Any CPU
		{389C0AA1-E138-46B2-97F2-5A768F8FC3C4}.Debug|Any CPU.Deploy.0 = Debug|Any CPU
		{389C0AA1-E138-46B2-97F2-5A768F8FC3C4}.Debug|ARM.ActiveCfg = Debug|Any CPU
		{389C0AA1-E138-46B2-97F2-5A768F8FC3C4}.Debug|ARM.Build.0 = Debug|Any CPU
		{389C0AA1-E138-46B2-97F2-5A768F8FC3C4}.Debug|ARM.Deploy.0 = Debug|Any CPU
		{389C0AA1-E138-46B2-97F2-5A768F8FC3C4}.Debug|iPhone.ActiveCfg = Debug|Any CPU
		{389C0AA1-E138-46B2-97F2-5A768F8FC3C4}.Debug|iPhone.Build.0 = Debug|Any CPU
		{389C0AA1-E138-46B2-97F2-5A768F8FC3C4}.Debug|iPhone.Deploy.0 = Debug|Any CPU
		{389C0AA1-E138-46B2-97F2-5A768F8FC3C4}.Debug|iPhoneSimulator.ActiveCfg = Debug|Any CPU
		{389C0AA1-E138-46B2-97F2-5A768F8FC3C4}.Debug|iPhoneSimulator.Build.0 = Debug|Any CPU
		{389C0AA1-E138-46B2-97F2-5A768F8FC3C4}.Debug|iPhoneSimulator.Deploy.0 = Debug|Any CPU
		{389C0AA1-E138-46B2-97F2-5A768F8FC3C4}.Debug|x64.ActiveCfg = Debug|Any CPU
		{389C0AA1-E138-46B2-97F2-5A768F8FC3C4}.Debug|x64.Build.0 = Debug|Any CPU
		{389C0AA1-E138-46B2-97F2-5A768F8FC3C4}.Debug|x64.Deploy.0 = Debug|Any CPU
		{389C0AA1-E138-46B2-97F2-5A768F8FC3C4}.Debug|x86.ActiveCfg = Debug|Any CPU
		{389C0AA1-E138-46B2-97F2-5A768F8FC3C4}.Debug|x86.Build.0 = Debug|Any CPU
		{389C0AA1-E138-46B2-97F2-5A768F8FC3C4}.Debug|x86.Deploy.0 = Debug|Any CPU
		{389C0AA1-E138-46B2-97F2-5A768F8FC3C4}.Release|Any CPU.ActiveCfg = Release|Any CPU
		{389C0AA1-E138-46B2-97F2-5A768F8FC3C4}.Release|Any CPU.Build.0 = Release|Any CPU
		{389C0AA1-E138-46B2-97F2-5A768F8FC3C4}.Release|Any CPU.Deploy.0 = Release|Any CPU
		{389C0AA1-E138-46B2-97F2-5A768F8FC3C4}.Release|ARM.ActiveCfg = Release|Any CPU
		{389C0AA1-E138-46B2-97F2-5A768F8FC3C4}.Release|ARM.Build.0 = Release|Any CPU
		{389C0AA1-E138-46B2-97F2-5A768F8FC3C4}.Release|ARM.Deploy.0 = Release|Any CPU
		{389C0AA1-E138-46B2-97F2-5A768F8FC3C4}.Release|iPhone.ActiveCfg = Release|Any CPU
		{389C0AA1-E138-46B2-97F2-5A768F8FC3C4}.Release|iPhone.Build.0 = Release|Any CPU
		{389C0AA1-E138-46B2-97F2-5A768F8FC3C4}.Release|iPhone.Deploy.0 = Release|Any CPU
		{389C0AA1-E138-46B2-97F2-5A768F8FC3C4}.Release|iPhoneSimulator.ActiveCfg = Release|Any CPU
		{389C0AA1-E138-46B2-97F2-5A768F8FC3C4}.Release|iPhoneSimulator.Build.0 = Release|Any CPU
		{389C0AA1-E138-46B2-97F2-5A768F8FC3C4}.Release|iPhoneSimulator.Deploy.0 = Release|Any CPU
		{389C0AA1-E138-46B2-97F2-5A768F8FC3C4}.Release|x64.ActiveCfg = Release|Any CPU
		{389C0AA1-E138-46B2-97F2-5A768F8FC3C4}.Release|x64.Build.0 = Release|Any CPU
		{389C0AA1-E138-46B2-97F2-5A768F8FC3C4}.Release|x64.Deploy.0 = Release|Any CPU
		{389C0AA1-E138-46B2-97F2-5A768F8FC3C4}.Release|x86.ActiveCfg = Release|Any CPU
		{389C0AA1-E138-46B2-97F2-5A768F8FC3C4}.Release|x86.Build.0 = Release|Any CPU
		{389C0AA1-E138-46B2-97F2-5A768F8FC3C4}.Release|x86.Deploy.0 = Release|Any CPU
		{697C4C08-052D-4AC2-BA50-4FE60BDCBBD2}.Ad-Hoc|Any CPU.ActiveCfg = Ad-Hoc|iPhone
		{697C4C08-052D-4AC2-BA50-4FE60BDCBBD2}.Ad-Hoc|ARM.ActiveCfg = Ad-Hoc|iPhone
		{697C4C08-052D-4AC2-BA50-4FE60BDCBBD2}.Ad-Hoc|iPhone.ActiveCfg = Ad-Hoc|iPhone
		{697C4C08-052D-4AC2-BA50-4FE60BDCBBD2}.Ad-Hoc|iPhone.Build.0 = Ad-Hoc|iPhone
		{697C4C08-052D-4AC2-BA50-4FE60BDCBBD2}.Ad-Hoc|iPhoneSimulator.ActiveCfg = Ad-Hoc|iPhoneSimulator
		{697C4C08-052D-4AC2-BA50-4FE60BDCBBD2}.Ad-Hoc|iPhoneSimulator.Build.0 = Ad-Hoc|iPhoneSimulator
		{697C4C08-052D-4AC2-BA50-4FE60BDCBBD2}.Ad-Hoc|x64.ActiveCfg = Ad-Hoc|iPhone
		{697C4C08-052D-4AC2-BA50-4FE60BDCBBD2}.Ad-Hoc|x86.ActiveCfg = Ad-Hoc|iPhone
		{697C4C08-052D-4AC2-BA50-4FE60BDCBBD2}.AppStore|Any CPU.ActiveCfg = AppStore|iPhone
		{697C4C08-052D-4AC2-BA50-4FE60BDCBBD2}.AppStore|ARM.ActiveCfg = AppStore|iPhone
		{697C4C08-052D-4AC2-BA50-4FE60BDCBBD2}.AppStore|iPhone.ActiveCfg = AppStore|iPhone
		{697C4C08-052D-4AC2-BA50-4FE60BDCBBD2}.AppStore|iPhone.Build.0 = AppStore|iPhone
		{697C4C08-052D-4AC2-BA50-4FE60BDCBBD2}.AppStore|iPhoneSimulator.ActiveCfg = AppStore|iPhoneSimulator
		{697C4C08-052D-4AC2-BA50-4FE60BDCBBD2}.AppStore|iPhoneSimulator.Build.0 = AppStore|iPhoneSimulator
		{697C4C08-052D-4AC2-BA50-4FE60BDCBBD2}.AppStore|x64.ActiveCfg = AppStore|iPhone
		{697C4C08-052D-4AC2-BA50-4FE60BDCBBD2}.AppStore|x86.ActiveCfg = AppStore|iPhone
		{697C4C08-052D-4AC2-BA50-4FE60BDCBBD2}.Debug|Any CPU.ActiveCfg = Debug|iPhone
		{697C4C08-052D-4AC2-BA50-4FE60BDCBBD2}.Debug|ARM.ActiveCfg = Debug|iPhone
		{697C4C08-052D-4AC2-BA50-4FE60BDCBBD2}.Debug|iPhone.ActiveCfg = Debug|iPhone
		{697C4C08-052D-4AC2-BA50-4FE60BDCBBD2}.Debug|iPhone.Build.0 = Debug|iPhone
		{697C4C08-052D-4AC2-BA50-4FE60BDCBBD2}.Debug|iPhoneSimulator.ActiveCfg = Debug|iPhoneSimulator
		{697C4C08-052D-4AC2-BA50-4FE60BDCBBD2}.Debug|iPhoneSimulator.Build.0 = Debug|iPhoneSimulator
		{697C4C08-052D-4AC2-BA50-4FE60BDCBBD2}.Debug|x64.ActiveCfg = Debug|iPhone
		{697C4C08-052D-4AC2-BA50-4FE60BDCBBD2}.Debug|x86.ActiveCfg = Debug|iPhone
		{697C4C08-052D-4AC2-BA50-4FE60BDCBBD2}.Release|Any CPU.ActiveCfg = Release|iPhone
		{697C4C08-052D-4AC2-BA50-4FE60BDCBBD2}.Release|ARM.ActiveCfg = Release|iPhone
		{697C4C08-052D-4AC2-BA50-4FE60BDCBBD2}.Release|iPhone.ActiveCfg = Release|iPhone
		{697C4C08-052D-4AC2-BA50-4FE60BDCBBD2}.Release|iPhone.Build.0 = Release|iPhone
		{697C4C08-052D-4AC2-BA50-4FE60BDCBBD2}.Release|iPhoneSimulator.ActiveCfg = Release|iPhoneSimulator
		{697C4C08-052D-4AC2-BA50-4FE60BDCBBD2}.Release|iPhoneSimulator.Build.0 = Release|iPhoneSimulator
		{697C4C08-052D-4AC2-BA50-4FE60BDCBBD2}.Release|x64.ActiveCfg = Release|iPhone
		{697C4C08-052D-4AC2-BA50-4FE60BDCBBD2}.Release|x86.ActiveCfg = Release|iPhone
		{27030B2A-90CF-4D2B-BF98-35C3AE51F8B0}.Ad-Hoc|Any CPU.ActiveCfg = Debug|Any CPU
		{27030B2A-90CF-4D2B-BF98-35C3AE51F8B0}.Ad-Hoc|Any CPU.Build.0 = Debug|Any CPU
		{27030B2A-90CF-4D2B-BF98-35C3AE51F8B0}.Ad-Hoc|ARM.ActiveCfg = Debug|Any CPU
		{27030B2A-90CF-4D2B-BF98-35C3AE51F8B0}.Ad-Hoc|ARM.Build.0 = Debug|Any CPU
		{27030B2A-90CF-4D2B-BF98-35C3AE51F8B0}.Ad-Hoc|iPhone.ActiveCfg = Debug|Any CPU
		{27030B2A-90CF-4D2B-BF98-35C3AE51F8B0}.Ad-Hoc|iPhone.Build.0 = Debug|Any CPU
		{27030B2A-90CF-4D2B-BF98-35C3AE51F8B0}.Ad-Hoc|iPhoneSimulator.ActiveCfg = Debug|Any CPU
		{27030B2A-90CF-4D2B-BF98-35C3AE51F8B0}.Ad-Hoc|iPhoneSimulator.Build.0 = Debug|Any CPU
		{27030B2A-90CF-4D2B-BF98-35C3AE51F8B0}.Ad-Hoc|x64.ActiveCfg = Debug|Any CPU
		{27030B2A-90CF-4D2B-BF98-35C3AE51F8B0}.Ad-Hoc|x64.Build.0 = Debug|Any CPU
		{27030B2A-90CF-4D2B-BF98-35C3AE51F8B0}.Ad-Hoc|x86.ActiveCfg = Debug|Any CPU
		{27030B2A-90CF-4D2B-BF98-35C3AE51F8B0}.Ad-Hoc|x86.Build.0 = Debug|Any CPU
		{27030B2A-90CF-4D2B-BF98-35C3AE51F8B0}.AppStore|Any CPU.ActiveCfg = Debug|Any CPU
		{27030B2A-90CF-4D2B-BF98-35C3AE51F8B0}.AppStore|Any CPU.Build.0 = Debug|Any CPU
		{27030B2A-90CF-4D2B-BF98-35C3AE51F8B0}.AppStore|ARM.ActiveCfg = Debug|Any CPU
		{27030B2A-90CF-4D2B-BF98-35C3AE51F8B0}.AppStore|ARM.Build.0 = Debug|Any CPU
		{27030B2A-90CF-4D2B-BF98-35C3AE51F8B0}.AppStore|iPhone.ActiveCfg = Debug|Any CPU
		{27030B2A-90CF-4D2B-BF98-35C3AE51F8B0}.AppStore|iPhone.Build.0 = Debug|Any CPU
		{27030B2A-90CF-4D2B-BF98-35C3AE51F8B0}.AppStore|iPhoneSimulator.ActiveCfg = Debug|Any CPU
		{27030B2A-90CF-4D2B-BF98-35C3AE51F8B0}.AppStore|iPhoneSimulator.Build.0 = Debug|Any CPU
		{27030B2A-90CF-4D2B-BF98-35C3AE51F8B0}.AppStore|x64.ActiveCfg = Debug|Any CPU
		{27030B2A-90CF-4D2B-BF98-35C3AE51F8B0}.AppStore|x64.Build.0 = Debug|Any CPU
		{27030B2A-90CF-4D2B-BF98-35C3AE51F8B0}.AppStore|x86.ActiveCfg = Debug|Any CPU
		{27030B2A-90CF-4D2B-BF98-35C3AE51F8B0}.AppStore|x86.Build.0 = Debug|Any CPU
		{27030B2A-90CF-4D2B-BF98-35C3AE51F8B0}.Debug|Any CPU.ActiveCfg = Debug|Any CPU
		{27030B2A-90CF-4D2B-BF98-35C3AE51F8B0}.Debug|Any CPU.Build.0 = Debug|Any CPU
		{27030B2A-90CF-4D2B-BF98-35C3AE51F8B0}.Debug|ARM.ActiveCfg = Debug|Any CPU
		{27030B2A-90CF-4D2B-BF98-35C3AE51F8B0}.Debug|ARM.Build.0 = Debug|Any CPU
		{27030B2A-90CF-4D2B-BF98-35C3AE51F8B0}.Debug|iPhone.ActiveCfg = Debug|Any CPU
		{27030B2A-90CF-4D2B-BF98-35C3AE51F8B0}.Debug|iPhone.Build.0 = Debug|Any CPU
		{27030B2A-90CF-4D2B-BF98-35C3AE51F8B0}.Debug|iPhoneSimulator.ActiveCfg = Debug|Any CPU
		{27030B2A-90CF-4D2B-BF98-35C3AE51F8B0}.Debug|iPhoneSimulator.Build.0 = Debug|Any CPU
		{27030B2A-90CF-4D2B-BF98-35C3AE51F8B0}.Debug|x64.ActiveCfg = Debug|Any CPU
		{27030B2A-90CF-4D2B-BF98-35C3AE51F8B0}.Debug|x64.Build.0 = Debug|Any CPU
		{27030B2A-90CF-4D2B-BF98-35C3AE51F8B0}.Debug|x86.ActiveCfg = Debug|Any CPU
		{27030B2A-90CF-4D2B-BF98-35C3AE51F8B0}.Debug|x86.Build.0 = Debug|Any CPU
		{27030B2A-90CF-4D2B-BF98-35C3AE51F8B0}.Release|Any CPU.ActiveCfg = Release|Any CPU
		{27030B2A-90CF-4D2B-BF98-35C3AE51F8B0}.Release|Any CPU.Build.0 = Release|Any CPU
		{27030B2A-90CF-4D2B-BF98-35C3AE51F8B0}.Release|ARM.ActiveCfg = Release|Any CPU
		{27030B2A-90CF-4D2B-BF98-35C3AE51F8B0}.Release|ARM.Build.0 = Release|Any CPU
		{27030B2A-90CF-4D2B-BF98-35C3AE51F8B0}.Release|iPhone.ActiveCfg = Release|Any CPU
		{27030B2A-90CF-4D2B-BF98-35C3AE51F8B0}.Release|iPhone.Build.0 = Release|Any CPU
		{27030B2A-90CF-4D2B-BF98-35C3AE51F8B0}.Release|iPhoneSimulator.ActiveCfg = Release|Any CPU
		{27030B2A-90CF-4D2B-BF98-35C3AE51F8B0}.Release|iPhoneSimulator.Build.0 = Release|Any CPU
		{27030B2A-90CF-4D2B-BF98-35C3AE51F8B0}.Release|x64.ActiveCfg = Release|Any CPU
		{27030B2A-90CF-4D2B-BF98-35C3AE51F8B0}.Release|x64.Build.0 = Release|Any CPU
		{27030B2A-90CF-4D2B-BF98-35C3AE51F8B0}.Release|x86.ActiveCfg = Release|Any CPU
		{27030B2A-90CF-4D2B-BF98-35C3AE51F8B0}.Release|x86.Build.0 = Release|Any CPU
	EndGlobalSection
	GlobalSection(SolutionProperties) = preSolution
		HideSolutionNode = FALSE
	EndGlobalSection
	GlobalSection(ExtensibilityGlobals) = postSolution
		SolutionGuid = {4D989EA3-C8B4-416D-9281-CC2006139C14}
	EndGlobalSection
EndGlobal
